# THIS IS AN AUTOGENERATED FILE. DO NOT EDIT THIS FILE DIRECTLY.
# yarn lockfile v1


vuepress-theme-docs@^1.0.7:
  version "1.0.7"
  resolved "https://registry.npm.taobao.org/vuepress-theme-docs/download/vuepress-theme-docs-1.0.7.tgz#63fd6ae2079dfc40fa5f7163aec4e56748e32a28"
  integrity sha1-Y/1q4ged/ED6X3FjrsTlZ0jjKig=
